
Microsoft Visual Studio Solution File, Format Version 12.00
# Visual Studio Version 16
VisualStudioVersion = 16.0.28803.352
MinimumVisualStudioVersion = 10.0.40219.1
Project("{FAE04EC0-301F-11D3-BF4B-00C04F79EFBC}") = "PaymentGateway", "PaymentGateway\PaymentGateway.csproj", "{BF749E2B-8B56-4AAB-A50C-AE3DB4E842C3}"
EndProject
Global
	GlobalSection(SolutionConfigurationPlatforms) = preSolution
		Debug|Any CPU = Debug|Any CPU
		Release|Any CPU = Release|Any CPU
	EndGlobalSection
	GlobalSection(ProjectConfigurationPlatforms) = postSolution
		{BF749E2B-8B56-4AAB-A50C-AE3DB4E842C3}.Debug|Any CPU.ActiveCfg = Debug|Any CPU
		{BF749E2B-8B56-4AAB-A50C-AE3DB4E842C3}.Debug|Any CPU.Build.0 = Debug|Any CPU
		{BF749E2B-8B56-4AAB-A50C-AE3DB4E842C3}.Release|Any CPU.ActiveCfg = Release|Any CPU
		{BF749E2B-8B56-4AAB-A50C-AE3DB4E842C3}.Release|Any CPU.Build.0 = Release|Any CPU
	EndGlobalSection
	GlobalSection(SolutionProperties) = preSolution
		HideSolutionNode = FALSE
	EndGlobalSection
	GlobalSection(ExtensibilityGlobals) = postSolution
		SolutionGuid = {5A37869F-C6A3-42EA-B336-7107AC311F6D}
	EndGlobalSection
EndGlobal
